
Microsoft Visual Studio Solution File, Format Version 12.00
# Visual Studio Version 17
VisualStudioVersion = 17.12.35309.182
MinimumVisualStudioVersion = 10.0.40219.1
Project("{FAE04EC0-301F-11D3-BF4B-00C04F79EFBC}") = "BookHaven.Web", "..\Bookify\Bookify.Web\BookHaven.Web.csproj", "{ABFB336E-75DC-43E4-99DB-D1E8C3BAB3F1}"
EndProject
Project("{FAE04EC0-301F-11D3-BF4B-00C04F79EFBC}") = "BookHaven.Domain", "BookHaven.Domain\BookHaven.Domain.csproj", "{A6CB3EDB-405F-4AA9-A8F8-B452B7196573}"
EndProject
Project("{FAE04EC0-301F-11D3-BF4B-00C04F79EFBC}") = "BookHaven.Application", "BookHaven.Application\BookHaven.Application.csproj", "{719597DF-90DE-4C2A-82A3-E5FA515F6F72}"
EndProject
Project("{FAE04EC0-301F-11D3-BF4B-00C04F79EFBC}") = "BookHaven.Infrastructure", "BookHaven.Infrastructure\BookHaven.Infrastructure.csproj", "{97C56EC0-4F60-4C12-9EAD-733416FBE21D}"
EndProject
Global
	GlobalSection(SolutionConfigurationPlatforms) = preSolution
		Debug|Any CPU = Debug|Any CPU
		Release|Any CPU = Release|Any CPU
	EndGlobalSection
	GlobalSection(ProjectConfigurationPlatforms) = postSolution
		{ABFB336E-75DC-43E4-99DB-D1E8C3BAB3F1}.Debug|Any CPU.ActiveCfg = Debug|Any CPU
		{ABFB336E-75DC-43E4-99DB-D1E8C3BAB3F1}.Debug|Any CPU.Build.0 = Debug|Any CPU
		{ABFB336E-75DC-43E4-99DB-D1E8C3BAB3F1}.Release|Any CPU.ActiveCfg = Release|Any CPU
		{ABFB336E-75DC-43E4-99DB-D1E8C3BAB3F1}.Release|Any CPU.Build.0 = Release|Any CPU
		{A6CB3EDB-405F-4AA9-A8F8-B452B7196573}.Debug|Any CPU.ActiveCfg = Debug|Any CPU
		{A6CB3EDB-405F-4AA9-A8F8-B452B7196573}.Debug|Any CPU.Build.0 = Debug|Any CPU
		{A6CB3EDB-405F-4AA9-A8F8-B452B7196573}.Release|Any CPU.ActiveCfg = Release|Any CPU
		{A6CB3EDB-405F-4AA9-A8F8-B452B7196573}.Release|Any CPU.Build.0 = Release|Any CPU
		{719597DF-90DE-4C2A-82A3-E5FA515F6F72}.Debug|Any CPU.ActiveCfg = Debug|Any CPU
		{719597DF-90DE-4C2A-82A3-E5FA515F6F72}.Debug|Any CPU.Build.0 = Debug|Any CPU
		{719597DF-90DE-4C2A-82A3-E5FA515F6F72}.Release|Any CPU.ActiveCfg = Release|Any CPU
		{719597DF-90DE-4C2A-82A3-E5FA515F6F72}.Release|Any CPU.Build.0 = Release|Any CPU
		{97C56EC0-4F60-4C12-9EAD-733416FBE21D}.Debug|Any CPU.ActiveCfg = Debug|Any CPU
		{97C56EC0-4F60-4C12-9EAD-733416FBE21D}.Debug|Any CPU.Build.0 = Debug|Any CPU
		{97C56EC0-4F60-4C12-9EAD-733416FBE21D}.Release|Any CPU.ActiveCfg = Release|Any CPU
		{97C56EC0-4F60-4C12-9EAD-733416FBE21D}.Release|Any CPU.Build.0 = Release|Any CPU
	EndGlobalSection
	GlobalSection(SolutionProperties) = preSolution
		HideSolutionNode = FALSE
	EndGlobalSection
	GlobalSection(ExtensibilityGlobals) = postSolution
		SolutionGuid = {5A315094-B61F-408D-9C8B-207B193048C1}
	EndGlobalSection
EndGlobal
